
Microsoft Visual Studio Solution File, Format Version 12.00
# Visual Studio Version 17
VisualStudioVersion = 17.4.33103.184
MinimumVisualStudioVersion = 10.0.40219.1
Project("{9A19103F-16F7-4668-BE54-9A1E7A4F7556}") = "AdventOfCode2023", "AdventOfCode2023\AdventOfCode2023.csproj", "{814D4F8A-5EBF-4C59-98A1-96B06B28AF8E}"
EndProject
Global
	GlobalSection(SolutionConfigurationPlatforms) = preSolution
		Debug|Any CPU = Debug|Any CPU
		Release|Any CPU = Release|Any CPU
	EndGlobalSection
	GlobalSection(ProjectConfigurationPlatforms) = postSolution
		{814D4F8A-5EBF-4C59-98A1-96B06B28AF8E}.Debug|Any CPU.ActiveCfg = Debug|Any CPU
		{814D4F8A-5EBF-4C59-98A1-96B06B28AF8E}.Debug|Any CPU.Build.0 = Debug|Any CPU
		{814D4F8A-5EBF-4C59-98A1-96B06B28AF8E}.Release|Any CPU.ActiveCfg = Release|Any CPU
		{814D4F8A-5EBF-4C59-98A1-96B06B28AF8E}.Release|Any CPU.Build.0 = Release|Any CPU
	EndGlobalSection
	GlobalSection(SolutionProperties) = preSolution
		HideSolutionNode = FALSE
	EndGlobalSection
	GlobalSection(ExtensibilityGlobals) = postSolution
		SolutionGuid = {B4D364C7-6A44-45CA-8A64-1F833BA250BF}
	EndGlobalSection
EndGlobal
